// !$*UTF8*$!
{
	archiveVersion = 1;
	classes = {
	};
	objectVersion = 50;
	objects = {

/* Begin PBXBuildFile section */
		7E39C54A2237C0E000DC9110 /* AppDelegate.swift in Sources */ = {isa = PBXBuildFile; fileRef = 7E39C5492237C0E000DC9110 /* AppDelegate.swift */; };
		7E39C54C2237C0E000DC9110 /* ViewController.swift in Sources */ = {isa = PBXBuildFile; fileRef = 7E39C54B2237C0E000DC9110 /* ViewController.swift */; };
		7E39C54F2237C0E000DC9110 /* Main.storyboard in Resources */ = {isa = PBXBuildFile; fileRef = 7E39C54D2237C0E000DC9110 /* Main.storyboard */; };
		7E39C5512237C0E200DC9110 /* Assets.xcassets in Resources */ = {isa = PBXBuildFile; fileRef = 7E39C5502237C0E200DC9110 /* Assets.xcassets */; };
		7E39C5542237C0E200DC9110 /* LaunchScreen.storyboard in Resources */ = {isa = PBXBuildFile; fileRef = 7E39C5522237C0E200DC9110 /* LaunchScreen.storyboard */; };
		7E39C55F2237C0E300DC9110 /* Telegram_chartsTests.swift in Sources */ = {isa = PBXBuildFile; fileRef = 7E39C55E2237C0E300DC9110 /* Telegram_chartsTests.swift */; };
		7E39C56A2237C0E300DC9110 /* Telegram_chartsUITests.swift in Sources */ = {isa = PBXBuildFile; fileRef = 7E39C5692237C0E300DC9110 /* Telegram_chartsUITests.swift */; };
/* End PBXBuildFile section */

/* Begin PBXContainerItemProxy section */
		7E39C55B2237C0E300DC9110 /* PBXContainerItemProxy */ = {
			isa = PBXContainerItemProxy;
			containerPortal = 7E39C53E2237C0E000DC9110 /* Project object */;
			proxyType = 1;
			remoteGlobalIDString = 7E39C5452237C0E000DC9110;
			remoteInfo = Telegram_charts;
		};
		7E39C5662237C0E300DC9110 /* PBXContainerItemProxy */ = {
			isa = PBXContainerItemProxy;
			containerPortal = 7E39C53E2237C0E000DC9110 /* Project object */;
			proxyType = 1;
			remoteGlobalIDString = 7E39C5452237C0E000DC9110;
			remoteInfo = Telegram_charts;
		};
/* End PBXContainerItemProxy section */

/* Begin PBXFileReference section */
		7E39C5462237C0E000DC9110 /* Telegram_charts.app */ = {isa = PBXFileReference; explicitFileType = wrapper.application; includeInIndex = 0; path = Telegram_charts.app; sourceTree = BUILT_PRODUCTS_DIR; };
		7E39C5492237C0E000DC9110 /* AppDelegate.swift */ = {isa = PBXFileReference; lastKnownFileType = sourcecode.swift; path = AppDelegate.swift; sourceTree = "<group>"; };
		7E39C54B2237C0E000DC9110 /* ViewController.swift */ = {isa = PBXFileReference; lastKnownFileType = sourcecode.swift; path = ViewController.swift; sourceTree = "<group>"; };
		7E39C54E2237C0E000DC9110 /* Base */ = {isa = PBXFileReference; lastKnownFileType = file.storyboard; name = Base; path = Base.lproj/Main.storyboard; sourceTree = "<group>"; };
		7E39C5502237C0E200DC9110 /* Assets.xcassets */ = {isa = PBXFileReference; lastKnownFileType = folder.assetcatalog; path = Assets.xcassets; sourceTree = "<group>"; };
		7E39C5532237C0E200DC9110 /* Base */ = {isa = PBXFileReference; lastKnownFileType = file.storyboard; name = Base; path = Base.lproj/LaunchScreen.storyboard; sourceTree = "<group>"; };
		7E39C5552237C0E200DC9110 /* Info.plist */ = {isa = PBXFileReference; lastKnownFileType = text.plist.xml; path = Info.plist; sourceTree = "<group>"; };
		7E39C55A2237C0E300DC9110 /* Telegram_chartsTests.xctest */ = {isa = PBXFileReference; explicitFileType = wrapper.cfbundle; includeInIndex = 0; path = Telegram_chartsTests.xctest; sourceTree = BUILT_PRODUCTS_DIR; };
		7E39C55E2237C0E300DC9110 /* Telegram_chartsTests.swift */ = {isa = PBXFileReference; lastKnownFileType = sourcecode.swift; path = Telegram_chartsTests.swift; sourceTree = "<group>"; };
		7E39C5602237C0E300DC9110 /* Info.plist */ = {isa = PBXFileReference; lastKnownFileType = text.plist.xml; path = Info.plist; sourceTree = "<group>"; };
		7E39C5652237C0E300DC9110 /* Telegram_chartsUITests.xctest */ = {isa = PBXFileReference; explicitFileType = wrapper.cfbundle; includeInIndex = 0; path = Telegram_chartsUITests.xctest; sourceTree = BUILT_PRODUCTS_DIR; };
		7E39C5692237C0E300DC9110 /* Telegram_chartsUITests.swift */ = {isa = PBXFileReference; lastKnownFileType = sourcecode.swift; path = Telegram_chartsUITests.swift; sourceTree = "<group>"; };
		7E39C56B2237C0E300DC9110 /* Info.plist */ = {isa = PBXFileReference; lastKnownFileType = text.plist.xml; path = Info.plist; sourceTree = "<group>"; };
/* End PBXFileReference section */

/* Begin PBXFrameworksBuildPhase section */
		7E39C5432237C0E000DC9110 /* Frameworks */ = {
			isa = PBXFrameworksBuildPhase;
			buildActionMask = 2147483647;
			files = (
			);
			runOnlyForDeploymentPostprocessing = 0;
		};
		7E39C5572237C0E300DC9110 /* Frameworks */ = {
			isa = PBXFrameworksBuildPhase;
			buildActionMask = 2147483647;
			files = (
			);
			runOnlyForDeploymentPostprocessing = 0;
		};
		7E39C5622237C0E300DC9110 /* Frameworks */ = {
			isa = PBXFrameworksBuildPhase;
			buildActionMask = 2147483647;
			files = (
			);
			runOnlyForDeploymentPostprocessing = 0;
		};
/* End PBXFrameworksBuildPhase section */

/* Begin PBXGroup section */
		7E39C53D2237C0E000DC9110 = {
			isa = PBXGroup;
			children = (
				7E39C5482237C0E000DC9110 /* Telegram_charts */,
				7E39C55D2237C0E300DC9110 /* Telegram_chartsTests */,
				7E39C5682237C0E300DC9110 /* Telegram_chartsUITests */,
				7E39C5472237C0E000DC9110 /* Products */,
			);
			sourceTree = "<group>";
		};
		7E39C5472237C0E000DC9110 /* Products */ = {
			isa = PBXGroup;
			children = (
				7E39C5462237C0E000DC9110 /* Telegram_charts.app */,
				7E39C55A2237C0E300DC9110 /* Telegram_chartsTests.xctest */,
				7E39C5652237C0E300DC9110 /* Telegram_chartsUITests.xctest */,
			);
			name = Products;
			sourceTree = "<group>";
		};
		7E39C5482237C0E000DC9110 /* Telegram_charts */ = {
			isa = PBXGroup;
			children = (
				7E39C5492237C0E000DC9110 /* AppDelegate.swift */,
				7E39C54B2237C0E000DC9110 /* ViewController.swift */,
				7E39C54D2237C0E000DC9110 /* Main.storyboard */,
				7E39C5502237C0E200DC9110 /* Assets.xcassets */,
				7E39C5522237C0E200DC9110 /* LaunchScreen.storyboard */,
				7E39C5552237C0E200DC9110 /* Info.plist */,
			);
			path = Telegram_charts;
			sourceTree = "<group>";
		};
		7E39C55D2237C0E300DC9110 /* Telegram_chartsTests */ = {
			isa = PBXGroup;
			children = (
				7E39C55E2237C0E300DC9110 /* Telegram_chartsTests.swift */,
				7E39C5602237C0E300DC9110 /* Info.plist */,
			);
			path = Telegram_chartsTests;
			sourceTree = "<group>";
		};
		7E39C5682237C0E300DC9110 /* Telegram_chartsUITests */ = {
			isa = PBXGroup;
			children = (
				7E39C5692237C0E300DC9110 /* Telegram_chartsUITests.swift */,
				7E39C56B2237C0E300DC9110 /* Info.plist */,
			);
			path = Telegram_chartsUITests;
			sourceTree = "<group>";
		};
/* End PBXGroup section */

/* Begin PBXNativeTarget section */
		7E39C5452237C0E000DC9110 /* Telegram_charts */ = {
			isa = PBXNativeTarget;
			buildConfigurationList = 7E39C56E2237C0E300DC9110 /* Build configuration list for PBXNativeTarget "Telegram_charts" */;
			buildPhases = (
				7E39C5422237C0E000DC9110 /* Sources */,
				7E39C5432237C0E000DC9110 /* Frameworks */,
				7E39C5442237C0E000DC9110 /* Resources */,
			);
			buildRules = (
			);
			dependencies = (
			);
			name = Telegram_charts;
			productName = Telegram_charts;
			productReference = 7E39C5462237C0E000DC9110 /* Telegram_charts.app */;
			productType = "com.apple.product-type.application";
		};
		7E39C5592237C0E300DC9110 /* Telegram_chartsTests */ = {
			isa = PBXNativeTarget;
			buildConfigurationList = 7E39C5712237C0E300DC9110 /* Build configuration list for PBXNativeTarget "Telegram_chartsTests" */;
			buildPhases = (
				7E39C5562237C0E300DC9110 /* Sources */,
				7E39C5572237C0E300DC9110 /* Frameworks */,
				7E39C5582237C0E300DC9110 /* Resources */,
			);
			buildRules = (
			);
			dependencies = (
				7E39C55C2237C0E300DC9110 /* PBXTargetDependency */,
			);
			name = Telegram_chartsTests;
			productName = Telegram_chartsTests;
			productReference = 7E39C55A2237C0E300DC9110 /* Telegram_chartsTests.xctest */;
			productType = "com.apple.product-type.bundle.unit-test";
		};
		7E39C5642237C0E300DC9110 /* Telegram_chartsUITests */ = {
			isa = PBXNativeTarget;
			buildConfigurationList = 7E39C5742237C0E300DC9110 /* Build configuration list for PBXNativeTarget "Telegram_chartsUITests" */;
			buildPhases = (
				7E39C5612237C0E300DC9110 /* Sources */,
				7E39C5622237C0E300DC9110 /* Frameworks */,
				7E39C5632237C0E300DC9110 /* Resources */,
			);
			buildRules = (
			);
			dependencies = (
				7E39C5672237C0E300DC9110 /* PBXTargetDependency */,
			);
			name = Telegram_chartsUITests;
			productName = Telegram_chartsUITests;
			productReference = 7E39C5652237C0E300DC9110 /* Telegram_chartsUITests.xctest */;
			productType = "com.apple.product-type.bundle.ui-testing";
		};
/* End PBXNativeTarget section */

/* Begin PBXProject section */
		7E39C53E2237C0E000DC9110 /* Project object */ = {
			isa = PBXProject;
			attributes = {
				LastSwiftUpdateCheck = 1010;
				LastUpgradeCheck = 1010;
				ORGANIZATIONNAME = "Zherdeva Elena";
				TargetAttributes = {
					7E39C5452237C0E000DC9110 = {
						CreatedOnToolsVersion = 10.1;
					};
					7E39C5592237C0E300DC9110 = {
						CreatedOnToolsVersion = 10.1;
						TestTargetID = 7E39C5452237C0E000DC9110;
					};
					7E39C5642237C0E300DC9110 = {
						CreatedOnToolsVersion = 10.1;
						TestTargetID = 7E39C5452237C0E000DC9110;
					};
				};
			};
			buildConfigurationList = 7E39C5412237C0E000DC9110 /* Build configuration list for PBXProject "Telegram_charts" */;
			compatibilityVersion = "Xcode 9.3";
			developmentRegion = en;
			hasScannedForEncodings = 0;
			knownRegions = (
				en,
				Base,
			);
			mainGroup = 7E39C53D2237C0E000DC9110;
			productRefGroup = 7E39C5472237C0E000DC9110 /* Products */;
			projectDirPath = "";
			projectRoot = "";
			targets = (
				7E39C5452237C0E000DC9110 /* Telegram_charts */,
				7E39C5592237C0E300DC9110 /* Telegram_chartsTests */,
				7E39C5642237C0E300DC9110 /* Telegram_chartsUITests */,
			);
		};
/* End PBXProject section */

/* Begin PBXResourcesBuildPhase section */
		7E39C5442237C0E000DC9110 /* Resources */ = {
			isa = PBXResourcesBuildPhase;
			buildActionMask = 2147483647;
			files = (
				7E39C5542237C0E200DC9110 /* LaunchScreen.storyboard in Resources */,
				7E39C5512237C0E200DC9110 /* Assets.xcassets in Resources */,
				7E39C54F2237C0E000DC9110 /* Main.storyboard in Resources */,
			);
			runOnlyForDeploymentPostprocessing = 0;
		};
		7E39C5582237C0E300DC9110 /* Resources */ = {
			isa = PBXResourcesBuildPhase;
			buildActionMask = 2147483647;
			files = (
			);
			runOnlyForDeploymentPostprocessing = 0;
		};
		7E39C5632237C0E300DC9110 /* Resources */ = {
			isa = PBXResourcesBuildPhase;
			buildActionMask = 2147483647;
			files = (
			);
			runOnlyForDeploymentPostprocessing = 0;
		};
/* End PBXResourcesBuildPhase section */

/* Begin PBXSourcesBuildPhase section */
		7E39C5422237C0E000DC9110 /* Sources */ = {
			isa = PBXSourcesBuildPhase;
			buildActionMask = 2147483647;
			files = (
				7E39C54C2237C0E000DC9110 /* ViewController.swift in Sources */,
				7E39C54A2237C0E000DC9110 /* AppDelegate.swift in Sources */,
			);
			runOnlyForDeploymentPostprocessing = 0;
		};
		7E39C5562237C0E300DC9110 /* Sources */ = {
			isa = PBXSourcesBuildPhase;
			buildActionMask = 2147483647;
			files = (
				7E39C55F2237C0E300DC9110 /* Telegram_chartsTests.swift in Sources */,
			);
			runOnlyForDeploymentPostprocessing = 0;
		};
		7E39C5612237C0E300DC9110 /* Sources */ = {
			isa = PBXSourcesBuildPhase;
			buildActionMask = 2147483647;
			files = (
				7E39C56A2237C0E300DC9110 /* Telegram_chartsUITests.swift in Sources */,
			);
			runOnlyForDeploymentPostprocessing = 0;
		};
/* End PBXSourcesBuildPhase section */

/* Begin PBXTargetDependency section */
		7E39C55C2237C0E300DC9110 /* PBXTargetDependency */ = {
			isa = PBXTargetDependency;
			target = 7E39C5452237C0E000DC9110 /* Telegram_charts */;
			targetProxy = 7E39C55B2237C0E300DC9110 /* PBXContainerItemProxy */;
		};
		7E39C5672237C0E300DC9110 /* PBXTargetDependency */ = {
			isa = PBXTargetDependency;
			target = 7E39C5452237C0E000DC9110 /* Telegram_charts */;
			targetProxy = 7E39C5662237C0E300DC9110 /* PBXContainerItemProxy */;
		};
/* End PBXTargetDependency section */

/* Begin PBXVariantGroup section */
		7E39C54D2237C0E000DC9110 /* Main.storyboard */ = {
			isa = PBXVariantGroup;
			children = (
				7E39C54E2237C0E000DC9110 /* Base */,
			);
			name = Main.storyboard;
			sourceTree = "<group>";
		};
		7E39C5522237C0E200DC9110 /* LaunchScreen.storyboard */ = {
			isa = PBXVariantGroup;
			children = (
				7E39C5532237C0E200DC9110 /* Base */,
			);
			name = LaunchScreen.storyboard;
			sourceTree = "<group>";
		};
/* End PBXVariantGroup section */

/* Begin XCBuildConfiguration section */
		7E39C56C2237C0E300DC9110 /* Debug */ = {
			isa = XCBuildConfiguration;
			buildSettings = {
				ALWAYS_SEARCH_USER_PATHS = NO;
				CLANG_ANALYZER_NONNULL = YES;
				CLANG_ANALYZER_NUMBER_OBJECT_CONVERSION = YES_AGGRESSIVE;
				CLANG_CXX_LANGUAGE_STANDARD = "gnu++14";
				CLANG_CXX_LIBRARY = "libc++";
				CLANG_ENABLE_MODULES = YES;
				CLANG_ENABLE_OBJC_ARC = YES;
				CLANG_ENABLE_OBJC_WEAK = YES;
				CLANG_WARN_BLOCK_CAPTURE_AUTORELEASING = YES;
				CLANG_WARN_BOOL_CONVERSION = YES;
				CLANG_WARN_COMMA = YES;
				CLANG_WARN_CONSTANT_CONVERSION = YES;
				CLANG_WARN_DEPRECATED_OBJC_IMPLEMENTATIONS = YES;
				CLANG_WARN_DIRECT_OBJC_ISA_USAGE = YES_ERROR;
				CLANG_WARN_DOCUMENTATION_COMMENTS = YES;
				CLANG_WARN_EMPTY_BODY = YES;
				CLANG_WARN_ENUM_CONVERSION = YES;
				CLANG_WARN_INFINITE_RECURSION = YES;
				CLANG_WARN_INT_CONVERSION = YES;
				CLANG_WARN_NON_LITERAL_NULL_CONVERSION = YES;
				CLANG_WARN_OBJC_IMPLICIT_RETAIN_SELF = YES;
				CLANG_WARN_OBJC_LITERAL_CONVERSION = YES;
				CLANG_WARN_OBJC_ROOT_CLASS = YES_ERROR;
				CLANG_WARN_RANGE_LOOP_ANALYSIS = YES;
				CLANG_WARN_STRICT_PROTOTYPES = YES;
				CLANG_WARN_SUSPICIOUS_MOVE = YES;
				CLANG_WARN_UNGUARDED_AVAILABILITY = YES_AGGRESSIVE;
				CLANG_WARN_UNREACHABLE_CODE = YES;
				CLANG_WARN__DUPLICATE_METHOD_MATCH = YES;
				CODE_SIGN_IDENTITY = "iPhone Developer";
				COPY_PHASE_STRIP = NO;
				DEBUG_INFORMATION_FORMAT = dwarf;
				ENABLE_STRICT_OBJC_MSGSEND = YES;
				ENABLE_TESTABILITY = YES;
				GCC_C_LANGUAGE_STANDARD = gnu11;
				GCC_DYNAMIC_NO_PIC = NO;
				GCC_NO_COMMON_BLOCKS = YES;
				GCC_OPTIMIZATION_LEVEL = 0;
				GCC_PREPROCESSOR_DEFINITIONS = (
					"DEBUG=1",
					"$(inherited)",
				);
				GCC_WARN_64_TO_32_BIT_CONVERSION = YES;
				GCC_WARN_ABOUT_RETURN_TYPE = YES_ERROR;
				GCC_WARN_UNDECLARED_SELECTOR = YES;
				GCC_WARN_UNINITIALIZED_AUTOS = YES_AGGRESSIVE;
				GCC_WARN_UNUSED_FUNCTION = YES;
				GCC_WARN_UNUSED_VARIABLE = YES;
				IPHONEOS_DEPLOYMENT_TARGET = 12.1;
				MTL_ENABLE_DEBUG_INFO = INCLUDE_SOURCE;
				MTL_FAST_MATH = YES;
				ONLY_ACTIVE_ARCH = YES;
				SDKROOT = iphoneos;
				SWIFT_ACTIVE_COMPILATION_CONDITIONS = DEBUG;
				SWIFT_OPTIMIZATION_LEVEL = "-Onone";
			};
			name = Debug;
		};
		7E39C56D2237C0E300DC9110 /* Release */ = {
			isa = XCBuildConfiguration;
			buildSettings = {
				ALWAYS_SEARCH_USER_PATHS = NO;
				CLANG_ANALYZER_NONNULL = YES;
				CLANG_ANALYZER_NUMBER_OBJECT_CONVERSION = YES_AGGRESSIVE;
				CLANG_CXX_LANGUAGE_STANDARD = "gnu++14";
				CLANG_CXX_LIBRARY = "libc++";
				CLANG_ENABLE_MODULES = YES;
				CLANG_ENABLE_OBJC_ARC = YES;
				CLANG_ENABLE_OBJC_WEAK = YES;
				CLANG_WARN_BLOCK_CAPTURE_AUTORELEASING = YES;
				CLANG_WARN_BOOL_CONVERSION = YES;
				CLANG_WARN_COMMA = YES;
				CLANG_WARN_CONSTANT_CONVERSION = YES;
				CLANG_WARN_DEPRECATED_OBJC_IMPLEMENTATIONS = YES;
				CLANG_WARN_DIRECT_OBJC_ISA_USAGE = YES_ERROR;
				CLANG_WARN_DOCUMENTATION_COMMENTS = YES;
				CLANG_WARN_EMPTY_BODY = YES;
				CLANG_WARN_ENUM_CONVERSION = YES;
				CLANG_WARN_INFINITE_RECURSION = YES;
				CLANG_WARN_INT_CONVERSION = YES;
				CLANG_WARN_NON_LITERAL_NULL_CONVERSION = YES;
				CLANG_WARN_OBJC_IMPLICIT_RETAIN_SELF = YES;
				CLANG_WARN_OBJC_LITERAL_CONVERSION = YES;
				CLANG_WARN_OBJC_ROOT_CLASS = YES_ERROR;
				CLANG_WARN_RANGE_LOOP_ANALYSIS = YES;
				CLANG_WARN_STRICT_PROTOTYPES = YES;
				CLANG_WARN_SUSPICIOUS_MOVE = YES;
				CLANG_WARN_UNGUARDED_AVAILABILITY = YES_AGGRESSIVE;
				CLANG_WARN_UNREACHABLE_CODE = YES;
				CLANG_WARN__DUPLICATE_METHOD_MATCH = YES;
				CODE_SIGN_IDENTITY = "iPhone Developer";
				COPY_PHASE_STRIP = NO;
				DEBUG_INFORMATION_FORMAT = "dwarf-with-dsym";
				ENABLE_NS_ASSERTIONS = NO;
				ENABLE_STRICT_OBJC_MSGSEND = YES;
				GCC_C_LANGUAGE_STANDARD = gnu11;
				GCC_NO_COMMON_BLOCKS = YES;
				GCC_WARN_64_TO_32_BIT_CONVERSION = YES;
				GCC_WARN_ABOUT_RETURN_TYPE = YES_ERROR;
				GCC_WARN_UNDECLARED_SELECTOR = YES;
				GCC_WARN_UNINITIALIZED_AUTOS = YES_AGGRESSIVE;
				GCC_WARN_UNUSED_FUNCTION = YES;
				GCC_WARN_UNUSED_VARIABLE = YES;
				IPHONEOS_DEPLOYMENT_TARGET = 12.1;
				MTL_ENABLE_DEBUG_INFO = NO;
				MTL_FAST_MATH = YES;
				SDKROOT = iphoneos;
				SWIFT_COMPILATION_MODE = wholemodule;
				SWIFT_OPTIMIZATION_LEVEL = "-O";
				VALIDATE_PRODUCT = YES;
			};
			name = Release;
		};
		7E39C56F2237C0E300DC9110 /* Debug */ = {
			isa = XCBuildConfiguration;
			buildSettings = {
				ASSETCATALOG_COMPILER_APPICON_NAME = AppIcon;
				CODE_SIGN_STYLE = Automatic;
				DEVELOPMENT_TEAM = MD92BMQ6X5;
				INFOPLIST_FILE = Telegram_charts/Info.plist;
				LD_RUNPATH_SEARCH_PATHS = (
					"$(inherited)",
					"@executable_path/Frameworks",
				);
				PRODUCT_BUNDLE_IDENTIFIER = "mycompany.Telegram-charts";
				PRODUCT_NAME = "$(TARGET_NAME)";
				SWIFT_VERSION = 4.2;
				TARGETED_DEVICE_FAMILY = "1,2";
			};
			name = Debug;
		};
		7E39C5702237C0E300DC9110 /* Release */ = {
			isa = XCBuildConfiguration;
			buildSettings = {
				ASSETCATALOG_COMPILER_APPICON_NAME = AppIcon;
				CODE_SIGN_STYLE = Automatic;
				DEVELOPMENT_TEAM = MD92BMQ6X5;
				INFOPLIST_FILE = Telegram_charts/Info.plist;
				LD_RUNPATH_SEARCH_PATHS = (
					"$(inherited)",
					"@executable_path/Frameworks",
				);
				PRODUCT_BUNDLE_IDENTIFIER = "mycompany.Telegram-charts";
				PRODUCT_NAME = "$(TARGET_NAME)";
				SWIFT_VERSION = 4.2;
				TARGETED_DEVICE_FAMILY = "1,2";
			};
			name = Release;
		};
		7E39C5722237C0E300DC9110 /* Debug */ = {
			isa = XCBuildConfiguration;
			buildSettings = {
				ALWAYS_EMBED_SWIFT_STANDARD_LIBRARIES = YES;
				BUNDLE_LOADER = "$(TEST_HOST)";
				CODE_SIGN_STYLE = Automatic;
				DEVELOPMENT_TEAM = MD92BMQ6X5;
				INFOPLIST_FILE = Telegram_chartsTests/Info.plist;
				LD_RUNPATH_SEARCH_PATHS = (
					"$(inherited)",
					"@executable_path/Frameworks",
					"@loader_path/Frameworks",
				);
				PRODUCT_BUNDLE_IDENTIFIER = "mycompany.Telegram-chartsTests";
				PRODUCT_NAME = "$(TARGET_NAME)";
				SWIFT_VERSION = 4.2;
				TARGETED_DEVICE_FAMILY = "1,2";
				TEST_HOST = "$(BUILT_PRODUCTS_DIR)/Telegram_charts.app/Telegram_charts";
			};
			name = Debug;
		};
		7E39C5732237C0E300DC9110 /* Release */ = {
			isa = XCBuildConfiguration;
			buildSettings = {
				ALWAYS_EMBED_SWIFT_STANDARD_LIBRARIES = YES;
				BUNDLE_LOADER = "$(TEST_HOST)";
				CODE_SIGN_STYLE = Automatic;
				DEVELOPMENT_TEAM = MD92BMQ6X5;
				INFOPLIST_FILE = Telegram_chartsTests/Info.plist;
				LD_RUNPATH_SEARCH_PATHS = (
					"$(inherited)",
					"@executable_path/Frameworks",
					"@loader_path/Frameworks",
				);
				PRODUCT_BUNDLE_IDENTIFIER = "mycompany.Telegram-chartsTests";
				PRODUCT_NAME = "$(TARGET_NAME)";
				SWIFT_VERSION = 4.2;
				TARGETED_DEVICE_FAMILY = "1,2";
				TEST_HOST = "$(BUILT_PRODUCTS_DIR)/Telegram_charts.app/Telegram_charts";
			};
			name = Release;
		};
		7E39C5752237C0E300DC9110 /* Debug */ = {
			isa = XCBuildConfiguration;
			buildSettings = {
				ALWAYS_EMBED_SWIFT_STANDARD_LIBRARIES = YES;
				CODE_SIGN_STYLE = Automatic;
				DEVELOPMENT_TEAM = MD92BMQ6X5;
				INFOPLIST_FILE = Telegram_chartsUITests/Info.plist;
				LD_RUNPATH_SEARCH_PATHS = (
					"$(inherited)",
					"@executable_path/Frameworks",
					"@loader_path/Frameworks",
				);
				PRODUCT_BUNDLE_IDENTIFIER = "mycompany.Telegram-chartsUITests";
				PRODUCT_NAME = "$(TARGET_NAME)";
				SWIFT_VERSION = 4.2;
				TARGETED_DEVICE_FAMILY = "1,2";
				TEST_TARGET_NAME = Telegram_charts;
			};
			name = Debug;
		};
		7E39C5762237C0E300DC9110 /* Release */ = {
			isa = XCBuildConfiguration;
			buildSettings = {
				ALWAYS_EMBED_SWIFT_STANDARD_LIBRARIES = YES;
				CODE_SIGN_STYLE = Automatic;
				DEVELOPMENT_TEAM = MD92BMQ6X5;
				INFOPLIST_FILE = Telegram_chartsUITests/Info.plist;
				LD_RUNPATH_SEARCH_PATHS = (
					"$(inherited)",
					"@executable_path/Frameworks",
					"@loader_path/Frameworks",
				);
				PRODUCT_BUNDLE_IDENTIFIER = "mycompany.Telegram-chartsUITests";
				PRODUCT_NAME = "$(TARGET_NAME)";
				SWIFT_VERSION = 4.2;
				TARGETED_DEVICE_FAMILY = "1,2";
				TEST_TARGET_NAME = Telegram_charts;
			};
			name = Release;
		};
/* End XCBuildConfiguration section */

/* Begin XCConfigurationList section */
		7E39C5412237C0E000DC9110 /* Build configuration list for PBXProject "Telegram_charts" */ = {
			isa = XCConfigurationList;
			buildConfigurations = (
				7E39C56C2237C0E300DC9110 /* Debug */,
				7E39C56D2237C0E300DC9110 /* Release */,
			);
			defaultConfigurationIsVisible = 0;
			defaultConfigurationName = Release;
		};
		7E39C56E2237C0E300DC9110 /* Build configuration list for PBXNativeTarget "Telegram_charts" */ = {
			isa = XCConfigurationList;
			buildConfigurations = (
				7E39C56F2237C0E300DC9110 /* Debug */,
				7E39C5702237C0E300DC9110 /* Release */,
			);
			defaultConfigurationIsVisible = 0;
			defaultConfigurationName = Release;
		};
		7E39C5712237C0E300DC9110 /* Build configuration list for PBXNativeTarget "Telegram_chartsTests" */ = {
			isa = XCConfigurationList;
			buildConfigurations = (
				7E39C5722237C0E300DC9110 /* Debug */,
				7E39C5732237C0E300DC9110 /* Release */,
			);
			defaultConfigurationIsVisible = 0;
			defaultConfigurationName = Release;
		};
		7E39C5742237C0E300DC9110 /* Build configuration list for PBXNativeTarget "Telegram_chartsUITests" */ = {
			isa = XCConfigurationList;
			buildConfigurations = (
				7E39C5752237C0E300DC9110 /* Debug */,
				7E39C5762237C0E300DC9110 /* Release */,
			);
			defaultConfigurationIsVisible = 0;
			defaultConfigurationName = Release;
		};
/* End XCConfigurationList section */
	};
	rootObject = 7E39C53E2237C0E000DC9110 /* Project object */;
}
